
Microsoft Visual Studio Solution File, Format Version 12.00
# Visual Studio Version 17
VisualStudioVersion = 17.8.34525.116
MinimumVisualStudioVersion = 10.0.40219.1
Project("{FAE04EC0-301F-11D3-BF4B-00C04F79EFBC}") = "PromptFlowEvalsAsPlugins", "PromptFlowEvalsAsPlugins\PromptFlowEvalsAsPlugins.csproj", "{2018E2EE-3F2D-487B-A664-45B975E661E4}"
EndProject
Global
	GlobalSection(SolutionConfigurationPlatforms) = preSolution
		Debug|Any CPU = Debug|Any CPU
		Release|Any CPU = Release|Any CPU
	EndGlobalSection
	GlobalSection(ProjectConfigurationPlatforms) = postSolution
		{2018E2EE-3F2D-487B-A664-45B975E661E4}.Debug|Any CPU.ActiveCfg = Debug|Any CPU
		{2018E2EE-3F2D-487B-A664-45B975E661E4}.Debug|Any CPU.Build.0 = Debug|Any CPU
		{2018E2EE-3F2D-487B-A664-45B975E661E4}.Release|Any CPU.ActiveCfg = Release|Any CPU
		{2018E2EE-3F2D-487B-A664-45B975E661E4}.Release|Any CPU.Build.0 = Release|Any CPU
	EndGlobalSection
	GlobalSection(SolutionProperties) = preSolution
		HideSolutionNode = FALSE
	EndGlobalSection
	GlobalSection(ExtensibilityGlobals) = postSolution
		SolutionGuid = {24F6D528-6359-4121-8191-D04609BFB030}
	EndGlobalSection
EndGlobal
